// !$*UTF8*$!
{
	archiveVersion = 1;
	classes = {
	};
	objectVersion = 46;
	objects = {

/* Begin PBXBuildFile section */
		D52F85BB1AD8430400B7C993 /* AppDelegate.swift in Sources */ = {isa = PBXBuildFile; fileRef = D52F85BA1AD8430400B7C993 /* AppDelegate.swift */; };
		D52F85BD1AD8430400B7C993 /* ViewController.swift in Sources */ = {isa = PBXBuildFile; fileRef = D52F85BC1AD8430400B7C993 /* ViewController.swift */; };
		D52F85C01AD8430400B7C993 /* Main.storyboard in Resources */ = {isa = PBXBuildFile; fileRef = D52F85BE1AD8430400B7C993 /* Main.storyboard */; };
		D52F85C21AD8430400B7C993 /* Images.xcassets in Resources */ = {isa = PBXBuildFile; fileRef = D52F85C11AD8430400B7C993 /* Images.xcassets */; };
		D52F85C51AD8430400B7C993 /* LaunchScreen.xib in Resources */ = {isa = PBXBuildFile; fileRef = D52F85C31AD8430400B7C993 /* LaunchScreen.xib */; };
		D52F85D11AD8430400B7C993 /* CalculatorTests.swift in Sources */ = {isa = PBXBuildFile; fileRef = D52F85D01AD8430400B7C993 /* CalculatorTests.swift */; };
		D52F85DB1AD8531400B7C993 /* Evaluator.swift in Sources */ = {isa = PBXBuildFile; fileRef = D52F85DA1AD8531400B7C993 /* Evaluator.swift */; };
/* End PBXBuildFile section */

/* Begin PBXContainerItemProxy section */
		D52F85CB1AD8430400B7C993 /* PBXContainerItemProxy */ = {
			isa = PBXContainerItemProxy;
			containerPortal = D52F85AD1AD8430400B7C993 /* Project object */;
			proxyType = 1;
			remoteGlobalIDString = D52F85B41AD8430400B7C993;
			remoteInfo = Calculator;
		};
/* End PBXContainerItemProxy section */

/* Begin PBXFileReference section */
		D52F85B51AD8430400B7C993 /* Calculator.app */ = {isa = PBXFileReference; explicitFileType = wrapper.application; includeInIndex = 0; path = Calculator.app; sourceTree = BUILT_PRODUCTS_DIR; };
		D52F85B91AD8430400B7C993 /* Info.plist */ = {isa = PBXFileReference; lastKnownFileType = text.plist.xml; path = Info.plist; sourceTree = "<group>"; };
		D52F85BA1AD8430400B7C993 /* AppDelegate.swift */ = {isa = PBXFileReference; lastKnownFileType = sourcecode.swift; path = AppDelegate.swift; sourceTree = "<group>"; };
		D52F85BC1AD8430400B7C993 /* ViewController.swift */ = {isa = PBXFileReference; lastKnownFileType = sourcecode.swift; path = ViewController.swift; sourceTree = "<group>"; };
		D52F85BF1AD8430400B7C993 /* Base */ = {isa = PBXFileReference; lastKnownFileType = file.storyboard; name = Base; path = Base.lproj/Main.storyboard; sourceTree = "<group>"; };
		D52F85C11AD8430400B7C993 /* Images.xcassets */ = {isa = PBXFileReference; lastKnownFileType = folder.assetcatalog; path = Images.xcassets; sourceTree = "<group>"; };
		D52F85C41AD8430400B7C993 /* Base */ = {isa = PBXFileReference; lastKnownFileType = file.xib; name = Base; path = Base.lproj/LaunchScreen.xib; sourceTree = "<group>"; };
		D52F85CA1AD8430400B7C993 /* CalculatorTests.xctest */ = {isa = PBXFileReference; explicitFileType = wrapper.cfbundle; includeInIndex = 0; path = CalculatorTests.xctest; sourceTree = BUILT_PRODUCTS_DIR; };
		D52F85CF1AD8430400B7C993 /* Info.plist */ = {isa = PBXFileReference; lastKnownFileType = text.plist.xml; path = Info.plist; sourceTree = "<group>"; };
		D52F85D01AD8430400B7C993 /* CalculatorTests.swift */ = {isa = PBXFileReference; lastKnownFileType = sourcecode.swift; path = CalculatorTests.swift; sourceTree = "<group>"; };
		D52F85DA1AD8531400B7C993 /* Evaluator.swift */ = {isa = PBXFileReference; fileEncoding = 4; lastKnownFileType = sourcecode.swift; path = Evaluator.swift; sourceTree = "<group>"; };
/* End PBXFileReference section */

/* Begin PBXFrameworksBuildPhase section */
		D52F85B21AD8430400B7C993 /* Frameworks */ = {
			isa = PBXFrameworksBuildPhase;
			buildActionMask = 2147483647;
			files = (
			);
			runOnlyForDeploymentPostprocessing = 0;
		};
		D52F85C71AD8430400B7C993 /* Frameworks */ = {
			isa = PBXFrameworksBuildPhase;
			buildActionMask = 2147483647;
			files = (
			);
			runOnlyForDeploymentPostprocessing = 0;
		};
/* End PBXFrameworksBuildPhase section */

/* Begin PBXGroup section */
		D52F85AC1AD8430400B7C993 = {
			isa = PBXGroup;
			children = (
				D52F85B71AD8430400B7C993 /* Calculator */,
				D52F85CD1AD8430400B7C993 /* CalculatorTests */,
				D52F85B61AD8430400B7C993 /* Products */,
			);
			sourceTree = "<group>";
		};
		D52F85B61AD8430400B7C993 /* Products */ = {
			isa = PBXGroup;
			children = (
				D52F85B51AD8430400B7C993 /* Calculator.app */,
				D52F85CA1AD8430400B7C993 /* CalculatorTests.xctest */,
			);
			name = Products;
			sourceTree = "<group>";
		};
		D52F85B71AD8430400B7C993 /* Calculator */ = {
			isa = PBXGroup;
			children = (
				D52F85BA1AD8430400B7C993 /* AppDelegate.swift */,
				D52F85BC1AD8430400B7C993 /* ViewController.swift */,
				D52F85BE1AD8430400B7C993 /* Main.storyboard */,
				D52F85C11AD8430400B7C993 /* Images.xcassets */,
				D52F85C31AD8430400B7C993 /* LaunchScreen.xib */,
				D52F85B81AD8430400B7C993 /* Supporting Files */,
				D52F85DA1AD8531400B7C993 /* Evaluator.swift */,
			);
			path = Calculator;
			sourceTree = "<group>";
		};
		D52F85B81AD8430400B7C993 /* Supporting Files */ = {
			isa = PBXGroup;
			children = (
				D52F85B91AD8430400B7C993 /* Info.plist */,
			);
			name = "Supporting Files";
			sourceTree = "<group>";
		};
		D52F85CD1AD8430400B7C993 /* CalculatorTests */ = {
			isa = PBXGroup;
			children = (
				D52F85D01AD8430400B7C993 /* CalculatorTests.swift */,
				D52F85CE1AD8430400B7C993 /* Supporting Files */,
			);
			path = CalculatorTests;
			sourceTree = "<group>";
		};
		D52F85CE1AD8430400B7C993 /* Supporting Files */ = {
			isa = PBXGroup;
			children = (
				D52F85CF1AD8430400B7C993 /* Info.plist */,
			);
			name = "Supporting Files";
			sourceTree = "<group>";
		};
/* End PBXGroup section */

/* Begin PBXNativeTarget section */
		D52F85B41AD8430400B7C993 /* Calculator */ = {
			isa = PBXNativeTarget;
			buildConfigurationList = D52F85D41AD8430400B7C993 /* Build configuration list for PBXNativeTarget "Calculator" */;
			buildPhases = (
				D52F85B11AD8430400B7C993 /* Sources */,
				D52F85B21AD8430400B7C993 /* Frameworks */,
				D52F85B31AD8430400B7C993 /* Resources */,
			);
			buildRules = (
			);
			dependencies = (
			);
			name = Calculator;
			productName = Calculator;
			productReference = D52F85B51AD8430400B7C993 /* Calculator.app */;
			productType = "com.apple.product-type.application";
		};
		D52F85C91AD8430400B7C993 /* CalculatorTests */ = {
			isa = PBXNativeTarget;
			buildConfigurationList = D52F85D71AD8430400B7C993 /* Build configuration list for PBXNativeTarget "CalculatorTests" */;
			buildPhases = (
				D52F85C61AD8430400B7C993 /* Sources */,
				D52F85C71AD8430400B7C993 /* Frameworks */,
				D52F85C81AD8430400B7C993 /* Resources */,
			);
			buildRules = (
			);
			dependencies = (
				D52F85CC1AD8430400B7C993 /* PBXTargetDependency */,
			);
			name = CalculatorTests;
			productName = CalculatorTests;
			productReference = D52F85CA1AD8430400B7C993 /* CalculatorTests.xctest */;
			productType = "com.apple.product-type.bundle.unit-test";
		};
/* End PBXNativeTarget section */

/* Begin PBXProject section */
		D52F85AD1AD8430400B7C993 /* Project object */ = {
			isa = PBXProject;
			attributes = {
				LastUpgradeCheck = 0630;
				ORGANIZATIONNAME = "Kirill Cherepanov";
				TargetAttributes = {
					D52F85B41AD8430400B7C993 = {
						CreatedOnToolsVersion = 6.3;
					};
					D52F85C91AD8430400B7C993 = {
						CreatedOnToolsVersion = 6.3;
						TestTargetID = D52F85B41AD8430400B7C993;
					};
				};
			};
			buildConfigurationList = D52F85B01AD8430400B7C993 /* Build configuration list for PBXProject "Calculator" */;
			compatibilityVersion = "Xcode 3.2";
			developmentRegion = English;
			hasScannedForEncodings = 0;
			knownRegions = (
				en,
				Base,
			);
			mainGroup = D52F85AC1AD8430400B7C993;
			productRefGroup = D52F85B61AD8430400B7C993 /* Products */;
			projectDirPath = "";
			projectRoot = "";
			targets = (
				D52F85B41AD8430400B7C993 /* Calculator */,
				D52F85C91AD8430400B7C993 /* CalculatorTests */,
			);
		};
/* End PBXProject section */

/* Begin PBXResourcesBuildPhase section */
		D52F85B31AD8430400B7C993 /* Resources */ = {
			isa = PBXResourcesBuildPhase;
			buildActionMask = 2147483647;
			files = (
				D52F85C01AD8430400B7C993 /* Main.storyboard in Resources */,
				D52F85C51AD8430400B7C993 /* LaunchScreen.xib in Resources */,
				D52F85C21AD8430400B7C993 /* Images.xcassets in Resources */,
			);
			runOnlyForDeploymentPostprocessing = 0;
		};
		D52F85C81AD8430400B7C993 /* Resources */ = {
			isa = PBXResourcesBuildPhase;
			buildActionMask = 2147483647;
			files = (
			);
			runOnlyForDeploymentPostprocessing = 0;
		};
/* End PBXResourcesBuildPhase section */

/* Begin PBXSourcesBuildPhase section */
		D52F85B11AD8430400B7C993 /* Sources */ = {
			isa = PBXSourcesBuildPhase;
			buildActionMask = 2147483647;
			files = (
				D52F85BD1AD8430400B7C993 /* ViewController.swift in Sources */,
				D52F85BB1AD8430400B7C993 /* AppDelegate.swift in Sources */,
				D52F85DB1AD8531400B7C993 /* Evaluator.swift in Sources */,
			);
			runOnlyForDeploymentPostprocessing = 0;
		};
		D52F85C61AD8430400B7C993 /* Sources */ = {
			isa = PBXSourcesBuildPhase;
			buildActionMask = 2147483647;
			files = (
				D52F85D11AD8430400B7C993 /* CalculatorTests.swift in Sources */,
			);
			runOnlyForDeploymentPostprocessing = 0;
		};
/* End PBXSourcesBuildPhase section */

/* Begin PBXTargetDependency section */
		D52F85CC1AD8430400B7C993 /* PBXTargetDependency */ = {
			isa = PBXTargetDependency;
			target = D52F85B41AD8430400B7C993 /* Calculator */;
			targetProxy = D52F85CB1AD8430400B7C993 /* PBXContainerItemProxy */;
		};
/* End PBXTargetDependency section */

/* Begin PBXVariantGroup section */
		D52F85BE1AD8430400B7C993 /* Main.storyboard */ = {
			isa = PBXVariantGroup;
			children = (
				D52F85BF1AD8430400B7C993 /* Base */,
			);
			name = Main.storyboard;
			sourceTree = "<group>";
		};
		D52F85C31AD8430400B7C993 /* LaunchScreen.xib */ = {
			isa = PBXVariantGroup;
			children = (
				D52F85C41AD8430400B7C993 /* Base */,
			);
			name = LaunchScreen.xib;
			sourceTree = "<group>";
		};
/* End PBXVariantGroup section */

/* Begin XCBuildConfiguration section */
		D52F85D21AD8430400B7C993 /* Debug */ = {
			isa = XCBuildConfiguration;
			buildSettings = {
				ALWAYS_SEARCH_USER_PATHS = NO;
				CLANG_CXX_LANGUAGE_STANDARD = "gnu++0x";
				CLANG_CXX_LIBRARY = "libc++";
				CLANG_ENABLE_MODULES = YES;
				CLANG_ENABLE_OBJC_ARC = YES;
				CLANG_WARN_BOOL_CONVERSION = YES;
				CLANG_WARN_CONSTANT_CONVERSION = YES;
				CLANG_WARN_DIRECT_OBJC_ISA_USAGE = YES_ERROR;
				CLANG_WARN_EMPTY_BODY = YES;
				CLANG_WARN_ENUM_CONVERSION = YES;
				CLANG_WARN_INT_CONVERSION = YES;
				CLANG_WARN_OBJC_ROOT_CLASS = YES_ERROR;
				CLANG_WARN_UNREACHABLE_CODE = YES;
				CLANG_WARN__DUPLICATE_METHOD_MATCH = YES;
				"CODE_SIGN_IDENTITY[sdk=iphoneos*]" = "iPhone Developer";
				COPY_PHASE_STRIP = NO;
				DEBUG_INFORMATION_FORMAT = "dwarf-with-dsym";
				ENABLE_STRICT_OBJC_MSGSEND = YES;
				GCC_C_LANGUAGE_STANDARD = gnu99;
				GCC_DYNAMIC_NO_PIC = NO;
				GCC_NO_COMMON_BLOCKS = YES;
				GCC_OPTIMIZATION_LEVEL = 0;
				GCC_PREPROCESSOR_DEFINITIONS = (
					"DEBUG=1",
					"$(inherited)",
				);
				GCC_SYMBOLS_PRIVATE_EXTERN = NO;
				GCC_WARN_64_TO_32_BIT_CONVERSION = YES;
				GCC_WARN_ABOUT_RETURN_TYPE = YES_ERROR;
				GCC_WARN_UNDECLARED_SELECTOR = YES;
				GCC_WARN_UNINITIALIZED_AUTOS = YES_AGGRESSIVE;
				GCC_WARN_UNUSED_FUNCTION = YES;
				GCC_WARN_UNUSED_VARIABLE = YES;
				IPHONEOS_DEPLOYMENT_TARGET = 8.3;
				MTL_ENABLE_DEBUG_INFO = YES;
				ONLY_ACTIVE_ARCH = YES;
				SDKROOT = iphoneos;
				SWIFT_OPTIMIZATION_LEVEL = "-Onone";
				TARGETED_DEVICE_FAMILY = "1,2";
			};
			name = Debug;
		};
		D52F85D31AD8430400B7C993 /* Release */ = {
			isa = XCBuildConfiguration;
			buildSettings = {
				ALWAYS_SEARCH_USER_PATHS = NO;
				CLANG_CXX_LANGUAGE_STANDARD = "gnu++0x";
				CLANG_CXX_LIBRARY = "libc++";
				CLANG_ENABLE_MODULES = YES;
				CLANG_ENABLE_OBJC_ARC = YES;
				CLANG_WARN_BOOL_CONVERSION = YES;
				CLANG_WARN_CONSTANT_CONVERSION = YES;
				CLANG_WARN_DIRECT_OBJC_ISA_USAGE = YES_ERROR;
				CLANG_WARN_EMPTY_BODY = YES;
				CLANG_WARN_ENUM_CONVERSION = YES;
				CLANG_WARN_INT_CONVERSION = YES;
				CLANG_WARN_OBJC_ROOT_CLASS = YES_ERROR;
				CLANG_WARN_UNREACHABLE_CODE = YES;
				CLANG_WARN__DUPLICATE_METHOD_MATCH = YES;
				"CODE_SIGN_IDENTITY[sdk=iphoneos*]" = "iPhone Developer";
				COPY_PHASE_STRIP = NO;
				DEBUG_INFORMATION_FORMAT = "dwarf-with-dsym";
				ENABLE_NS_ASSERTIONS = NO;
				ENABLE_STRICT_OBJC_MSGSEND = YES;
				GCC_C_LANGUAGE_STANDARD = gnu99;
				GCC_NO_COMMON_BLOCKS = YES;
				GCC_WARN_64_TO_32_BIT_CONVERSION = YES;
				GCC_WARN_ABOUT_RETURN_TYPE = YES_ERROR;
				GCC_WARN_UNDECLARED_SELECTOR = YES;
				GCC_WARN_UNINITIALIZED_AUTOS = YES_AGGRESSIVE;
				GCC_WARN_UNUSED_FUNCTION = YES;
				GCC_WARN_UNUSED_VARIABLE = YES;
				IPHONEOS_DEPLOYMENT_TARGET = 8.3;
				MTL_ENABLE_DEBUG_INFO = NO;
				SDKROOT = iphoneos;
				TARGETED_DEVICE_FAMILY = "1,2";
				VALIDATE_PRODUCT = YES;
			};
			name = Release;
		};
		D52F85D51AD8430400B7C993 /* Debug */ = {
			isa = XCBuildConfiguration;
			buildSettings = {
				ASSETCATALOG_COMPILER_APPICON_NAME = AppIcon;
				INFOPLIST_FILE = Calculator/Info.plist;
				LD_RUNPATH_SEARCH_PATHS = "$(inherited) @executable_path/Frameworks";
				PRODUCT_NAME = "$(TARGET_NAME)";
			};
			name = Debug;
		};
		D52F85D61AD8430400B7C993 /* Release */ = {
			isa = XCBuildConfiguration;
			buildSettings = {
				ASSETCATALOG_COMPILER_APPICON_NAME = AppIcon;
				INFOPLIST_FILE = Calculator/Info.plist;
				LD_RUNPATH_SEARCH_PATHS = "$(inherited) @executable_path/Frameworks";
				PRODUCT_NAME = "$(TARGET_NAME)";
			};
			name = Release;
		};
		D52F85D81AD8430400B7C993 /* Debug */ = {
			isa = XCBuildConfiguration;
			buildSettings = {
				BUNDLE_LOADER = "$(TEST_HOST)";
				FRAMEWORK_SEARCH_PATHS = (
					"$(SDKROOT)/Developer/Library/Frameworks",
					"$(inherited)",
				);
				GCC_PREPROCESSOR_DEFINITIONS = (
					"DEBUG=1",
					"$(inherited)",
				);
				INFOPLIST_FILE = CalculatorTests/Info.plist;
				LD_RUNPATH_SEARCH_PATHS = "$(inherited) @executable_path/Frameworks @loader_path/Frameworks";
				PRODUCT_NAME = "$(TARGET_NAME)";
				TEST_HOST = "$(BUILT_PRODUCTS_DIR)/Calculator.app/Calculator";
			};
			name = Debug;
		};
		D52F85D91AD8430400B7C993 /* Release */ = {
			isa = XCBuildConfiguration;
			buildSettings = {
				BUNDLE_LOADER = "$(TEST_HOST)";
				FRAMEWORK_SEARCH_PATHS = (
					"$(SDKROOT)/Developer/Library/Frameworks",
					"$(inherited)",
				);
				INFOPLIST_FILE = CalculatorTests/Info.plist;
				LD_RUNPATH_SEARCH_PATHS = "$(inherited) @executable_path/Frameworks @loader_path/Frameworks";
				PRODUCT_NAME = "$(TARGET_NAME)";
				TEST_HOST = "$(BUILT_PRODUCTS_DIR)/Calculator.app/Calculator";
			};
			name = Release;
		};
/* End XCBuildConfiguration section */

/* Begin XCConfigurationList section */
		D52F85B01AD8430400B7C993 /* Build configuration list for PBXProject "Calculator" */ = {
			isa = XCConfigurationList;
			buildConfigurations = (
				D52F85D21AD8430400B7C993 /* Debug */,
				D52F85D31AD8430400B7C993 /* Release */,
			);
			defaultConfigurationIsVisible = 0;
			defaultConfigurationName = Release;
		};
		D52F85D41AD8430400B7C993 /* Build configuration list for PBXNativeTarget "Calculator" */ = {
			isa = XCConfigurationList;
			buildConfigurations = (
				D52F85D51AD8430400B7C993 /* Debug */,
				D52F85D61AD8430400B7C993 /* Release */,
			);
			defaultConfigurationIsVisible = 0;
		};
		D52F85D71AD8430400B7C993 /* Build configuration list for PBXNativeTarget "CalculatorTests" */ = {
			isa = XCConfigurationList;
			buildConfigurations = (
				D52F85D81AD8430400B7C993 /* Debug */,
				D52F85D91AD8430400B7C993 /* Release */,
			);
			defaultConfigurationIsVisible = 0;
		};
/* End XCConfigurationList section */
	};
	rootObject = D52F85AD1AD8430400B7C993 /* Project object */;
}
